<Solution>
  <Configurations>
    <Platform Name="x64" />
    <Platform Name="x86" />
  </Configurations>
  <Folder Name="/Solution Items/">
    <File Path="README.md" />
  </Folder>
  <Project Path="Emil Centre Windows 2/Emil Centre Windows 2.vcxproj" Id="d32cb0a0-de69-405a-8d21-b71d140c83da">
    <BuildType Solution="Debug|x64" Project="Release" />
  </Project>
</Solution>
